
Microsoft Visual Studio Solution File, Format Version 12.00
Project("{FAE04EC0-301F-11D3-BF4B-00C04F79EFBC}") = "Task manager", "Task manager.csproj", "{A0AE6597-F71C-47D2-97B1-28CE528AADFD}"
EndProject
Global
	GlobalSection(SolutionConfigurationPlatforms) = preSolution
		Debug|Any CPU = Debug|Any CPU
		Release|Any CPU = Release|Any CPU
	EndGlobalSection
	GlobalSection(ProjectConfigurationPlatforms) = postSolution
		{A0AE6597-F71C-47D2-97B1-28CE528AADFD}.Debug|Any CPU.ActiveCfg = Debug|Any CPU
		{A0AE6597-F71C-47D2-97B1-28CE528AADFD}.Debug|Any CPU.Build.0 = Debug|Any CPU
		{A0AE6597-F71C-47D2-97B1-28CE528AADFD}.Release|Any CPU.ActiveCfg = Release|Any CPU
		{A0AE6597-F71C-47D2-97B1-28CE528AADFD}.Release|Any CPU.Build.0 = Release|Any CPU
	EndGlobalSection
EndGlobal
